
Microsoft Visual Studio Solution File, Format Version 12.00
# Visual Studio Version 17
VisualStudioVersion = 17.0.32002.185
MinimumVisualStudioVersion = 10.0.40219.1
Project("{FAE04EC0-301F-11D3-BF4B-00C04F79EFBC}") = "Database.Cosmosdb", "Database.Cosmosdb\Database.Cosmosdb.csproj", "{D6526044-04AE-4758-9102-CD591A99457A}"
EndProject
Global
	GlobalSection(SolutionConfigurationPlatforms) = preSolution
		Debug|Any CPU = Debug|Any CPU
		Release|Any CPU = Release|Any CPU
	EndGlobalSection
	GlobalSection(ProjectConfigurationPlatforms) = postSolution
		{D6526044-04AE-4758-9102-CD591A99457A}.Debug|Any CPU.ActiveCfg = Debug|Any CPU
		{D6526044-04AE-4758-9102-CD591A99457A}.Debug|Any CPU.Build.0 = Debug|Any CPU
		{D6526044-04AE-4758-9102-CD591A99457A}.Release|Any CPU.ActiveCfg = Release|Any CPU
		{D6526044-04AE-4758-9102-CD591A99457A}.Release|Any CPU.Build.0 = Release|Any CPU
	EndGlobalSection
	GlobalSection(SolutionProperties) = preSolution
		HideSolutionNode = FALSE
	EndGlobalSection
	GlobalSection(ExtensibilityGlobals) = postSolution
		SolutionGuid = {EF78E1A2-E1A0-4D75-8686-82E611339239}
	EndGlobalSection
EndGlobal
